// !$*UTF8*$!
{
	archiveVersion = 1;
	classes = {
	};
	objectVersion = 56;
	objects = {

/* Begin PBXBuildFile section */
		B081F2F62AAC89890023F550 /* Meditation_AppApp.swift in Sources */ = {isa = PBXBuildFile; fileRef = B081F2F52AAC89890023F550 /* Meditation_AppApp.swift */; };
		B081F2F82AAC89890023F550 /* ContentView.swift in Sources */ = {isa = PBXBuildFile; fileRef = B081F2F72AAC89890023F550 /* ContentView.swift */; };
		B081F2FA2AAC898C0023F550 /* Assets.xcassets in Resources */ = {isa = PBXBuildFile; fileRef = B081F2F92AAC898C0023F550 /* Assets.xcassets */; };
		B081F2FD2AAC898C0023F550 /* Preview Assets.xcassets in Resources */ = {isa = PBXBuildFile; fileRef = B081F2FC2AAC898C0023F550 /* Preview Assets.xcassets */; };
		B081F3072AAC898D0023F550 /* Meditation_AppTests.swift in Sources */ = {isa = PBXBuildFile; fileRef = B081F3062AAC898D0023F550 /* Meditation_AppTests.swift */; };
		B081F3112AAC898D0023F550 /* Meditation_AppUITests.swift in Sources */ = {isa = PBXBuildFile; fileRef = B081F3102AAC898D0023F550 /* Meditation_AppUITests.swift */; };
		B081F3132AAC898D0023F550 /* Meditation_AppUITestsLaunchTests.swift in Sources */ = {isa = PBXBuildFile; fileRef = B081F3122AAC898D0023F550 /* Meditation_AppUITestsLaunchTests.swift */; };
/* End PBXBuildFile section */

/* Begin PBXContainerItemProxy section */
		B081F3032AAC898D0023F550 /* PBXContainerItemProxy */ = {
			isa = PBXContainerItemProxy;
			containerPortal = B081F2EA2AAC89890023F550 /* Project object */;
			proxyType = 1;
			remoteGlobalIDString = B081F2F12AAC89890023F550;
			remoteInfo = "Meditation App";
		};
		B081F30D2AAC898D0023F550 /* PBXContainerItemProxy */ = {
			isa = PBXContainerItemProxy;
			containerPortal = B081F2EA2AAC89890023F550 /* Project object */;
			proxyType = 1;
			remoteGlobalIDString = B081F2F12AAC89890023F550;
			remoteInfo = "Meditation App";
		};
/* End PBXContainerItemProxy section */

/* Begin PBXFileReference section */
		B081F2F22AAC89890023F550 /* Meditation App.app */ = {isa = PBXFileReference; explicitFileType = wrapper.application; includeInIndex = 0; path = "Meditation App.app"; sourceTree = BUILT_PRODUCTS_DIR; };
		B081F2F52AAC89890023F550 /* Meditation_AppApp.swift */ = {isa = PBXFileReference; lastKnownFileType = sourcecode.swift; path = Meditation_AppApp.swift; sourceTree = "<group>"; };
		B081F2F72AAC89890023F550 /* ContentView.swift */ = {isa = PBXFileReference; lastKnownFileType = sourcecode.swift; path = ContentView.swift; sourceTree = "<group>"; };
		B081F2F92AAC898C0023F550 /* Assets.xcassets */ = {isa = PBXFileReference; lastKnownFileType = folder.assetcatalog; path = Assets.xcassets; sourceTree = "<group>"; };
		B081F2FC2AAC898C0023F550 /* Preview Assets.xcassets */ = {isa = PBXFileReference; lastKnownFileType = folder.assetcatalog; path = "Preview Assets.xcassets"; sourceTree = "<group>"; };
		B081F3022AAC898D0023F550 /* Meditation AppTests.xctest */ = {isa = PBXFileReference; explicitFileType = wrapper.cfbundle; includeInIndex = 0; path = "Meditation AppTests.xctest"; sourceTree = BUILT_PRODUCTS_DIR; };
		B081F3062AAC898D0023F550 /* Meditation_AppTests.swift */ = {isa = PBXFileReference; lastKnownFileType = sourcecode.swift; path = Meditation_AppTests.swift; sourceTree = "<group>"; };
		B081F30C2AAC898D0023F550 /* Meditation AppUITests.xctest */ = {isa = PBXFileReference; explicitFileType = wrapper.cfbundle; includeInIndex = 0; path = "Meditation AppUITests.xctest"; sourceTree = BUILT_PRODUCTS_DIR; };
		B081F3102AAC898D0023F550 /* Meditation_AppUITests.swift */ = {isa = PBXFileReference; lastKnownFileType = sourcecode.swift; path = Meditation_AppUITests.swift; sourceTree = "<group>"; };
		B081F3122AAC898D0023F550 /* Meditation_AppUITestsLaunchTests.swift */ = {isa = PBXFileReference; lastKnownFileType = sourcecode.swift; path = Meditation_AppUITestsLaunchTests.swift; sourceTree = "<group>"; };
/* End PBXFileReference section */

/* Begin PBXFrameworksBuildPhase section */
		B081F2EF2AAC89890023F550 /* Frameworks */ = {
			isa = PBXFrameworksBuildPhase;
			buildActionMask = 2147483647;
			files = (
			);
			runOnlyForDeploymentPostprocessing = 0;
		};
		B081F2FF2AAC898D0023F550 /* Frameworks */ = {
			isa = PBXFrameworksBuildPhase;
			buildActionMask = 2147483647;
			files = (
			);
			runOnlyForDeploymentPostprocessing = 0;
		};
		B081F3092AAC898D0023F550 /* Frameworks */ = {
			isa = PBXFrameworksBuildPhase;
			buildActionMask = 2147483647;
			files = (
			);
			runOnlyForDeploymentPostprocessing = 0;
		};
/* End PBXFrameworksBuildPhase section */

/* Begin PBXGroup section */
		B081F2E92AAC89890023F550 = {
			isa = PBXGroup;
			children = (
				B081F2F42AAC89890023F550 /* Meditation App */,
				B081F3052AAC898D0023F550 /* Meditation AppTests */,
				B081F30F2AAC898D0023F550 /* Meditation AppUITests */,
				B081F2F32AAC89890023F550 /* Products */,
			);
			sourceTree = "<group>";
		};
		B081F2F32AAC89890023F550 /* Products */ = {
			isa = PBXGroup;
			children = (
				B081F2F22AAC89890023F550 /* Meditation App.app */,
				B081F3022AAC898D0023F550 /* Meditation AppTests.xctest */,
				B081F30C2AAC898D0023F550 /* Meditation AppUITests.xctest */,
			);
			name = Products;
			sourceTree = "<group>";
		};
		B081F2F42AAC89890023F550 /* Meditation App */ = {
			isa = PBXGroup;
			children = (
				B081F2F52AAC89890023F550 /* Meditation_AppApp.swift */,
				B081F2F72AAC89890023F550 /* ContentView.swift */,
				B081F2F92AAC898C0023F550 /* Assets.xcassets */,
				B081F2FB2AAC898C0023F550 /* Preview Content */,
			);
			path = "Meditation App";
			sourceTree = "<group>";
		};
		B081F2FB2AAC898C0023F550 /* Preview Content */ = {
			isa = PBXGroup;
			children = (
				B081F2FC2AAC898C0023F550 /* Preview Assets.xcassets */,
			);
			path = "Preview Content";
			sourceTree = "<group>";
		};
		B081F3052AAC898D0023F550 /* Meditation AppTests */ = {
			isa = PBXGroup;
			children = (
				B081F3062AAC898D0023F550 /* Meditation_AppTests.swift */,
			);
			path = "Meditation AppTests";
			sourceTree = "<group>";
		};
		B081F30F2AAC898D0023F550 /* Meditation AppUITests */ = {
			isa = PBXGroup;
			children = (
				B081F3102AAC898D0023F550 /* Meditation_AppUITests.swift */,
				B081F3122AAC898D0023F550 /* Meditation_AppUITestsLaunchTests.swift */,
			);
			path = "Meditation AppUITests";
			sourceTree = "<group>";
		};
/* End PBXGroup section */

/* Begin PBXNativeTarget section */
		B081F2F12AAC89890023F550 /* Meditation App */ = {
			isa = PBXNativeTarget;
			buildConfigurationList = B081F3162AAC898D0023F550 /* Build configuration list for PBXNativeTarget "Meditation App" */;
			buildPhases = (
				B081F2EE2AAC89890023F550 /* Sources */,
				B081F2EF2AAC89890023F550 /* Frameworks */,
				B081F2F02AAC89890023F550 /* Resources */,
			);
			buildRules = (
			);
			dependencies = (
			);
			name = "Meditation App";
			productName = "Meditation App";
			productReference = B081F2F22AAC89890023F550 /* Meditation App.app */;
			productType = "com.apple.product-type.application";
		};
		B081F3012AAC898D0023F550 /* Meditation AppTests */ = {
			isa = PBXNativeTarget;
			buildConfigurationList = B081F3192AAC898D0023F550 /* Build configuration list for PBXNativeTarget "Meditation AppTests" */;
			buildPhases = (
				B081F2FE2AAC898D0023F550 /* Sources */,
				B081F2FF2AAC898D0023F550 /* Frameworks */,
				B081F3002AAC898D0023F550 /* Resources */,
			);
			buildRules = (
			);
			dependencies = (
				B081F3042AAC898D0023F550 /* PBXTargetDependency */,
			);
			name = "Meditation AppTests";
			productName = "Meditation AppTests";
			productReference = B081F3022AAC898D0023F550 /* Meditation AppTests.xctest */;
			productType = "com.apple.product-type.bundle.unit-test";
		};
		B081F30B2AAC898D0023F550 /* Meditation AppUITests */ = {
			isa = PBXNativeTarget;
			buildConfigurationList = B081F31C2AAC898D0023F550 /* Build configuration list for PBXNativeTarget "Meditation AppUITests" */;
			buildPhases = (
				B081F3082AAC898D0023F550 /* Sources */,
				B081F3092AAC898D0023F550 /* Frameworks */,
				B081F30A2AAC898D0023F550 /* Resources */,
			);
			buildRules = (
			);
			dependencies = (
				B081F30E2AAC898D0023F550 /* PBXTargetDependency */,
			);
			name = "Meditation AppUITests";
			productName = "Meditation AppUITests";
			productReference = B081F30C2AAC898D0023F550 /* Meditation AppUITests.xctest */;
			productType = "com.apple.product-type.bundle.ui-testing";
		};
/* End PBXNativeTarget section */

/* Begin PBXProject section */
		B081F2EA2AAC89890023F550 /* Project object */ = {
			isa = PBXProject;
			attributes = {
				BuildIndependentTargetsInParallel = 1;
				LastSwiftUpdateCheck = 1430;
				LastUpgradeCheck = 1430;
				TargetAttributes = {
					B081F2F12AAC89890023F550 = {
						CreatedOnToolsVersion = 14.3.1;
					};
					B081F3012AAC898D0023F550 = {
						CreatedOnToolsVersion = 14.3.1;
						TestTargetID = B081F2F12AAC89890023F550;
					};
					B081F30B2AAC898D0023F550 = {
						CreatedOnToolsVersion = 14.3.1;
						TestTargetID = B081F2F12AAC89890023F550;
					};
				};
			};
			buildConfigurationList = B081F2ED2AAC89890023F550 /* Build configuration list for PBXProject "Meditation App" */;
			compatibilityVersion = "Xcode 14.0";
			developmentRegion = en;
			hasScannedForEncodings = 0;
			knownRegions = (
				en,
				Base,
			);
			mainGroup = B081F2E92AAC89890023F550;
			productRefGroup = B081F2F32AAC89890023F550 /* Products */;
			projectDirPath = "";
			projectRoot = "";
			targets = (
				B081F2F12AAC89890023F550 /* Meditation App */,
				B081F3012AAC898D0023F550 /* Meditation AppTests */,
				B081F30B2AAC898D0023F550 /* Meditation AppUITests */,
			);
		};
/* End PBXProject section */

/* Begin PBXResourcesBuildPhase section */
		B081F2F02AAC89890023F550 /* Resources */ = {
			isa = PBXResourcesBuildPhase;
			buildActionMask = 2147483647;
			files = (
				B081F2FD2AAC898C0023F550 /* Preview Assets.xcassets in Resources */,
				B081F2FA2AAC898C0023F550 /* Assets.xcassets in Resources */,
			);
			runOnlyForDeploymentPostprocessing = 0;
		};
		B081F3002AAC898D0023F550 /* Resources */ = {
			isa = PBXResourcesBuildPhase;
			buildActionMask = 2147483647;
			files = (
			);
			runOnlyForDeploymentPostprocessing = 0;
		};
		B081F30A2AAC898D0023F550 /* Resources */ = {
			isa = PBXResourcesBuildPhase;
			buildActionMask = 2147483647;
			files = (
			);
			runOnlyForDeploymentPostprocessing = 0;
		};
/* End PBXResourcesBuildPhase section */

/* Begin PBXSourcesBuildPhase section */
		B081F2EE2AAC89890023F550 /* Sources */ = {
			isa = PBXSourcesBuildPhase;
			buildActionMask = 2147483647;
			files = (
				B081F2F82AAC89890023F550 /* ContentView.swift in Sources */,
				B081F2F62AAC89890023F550 /* Meditation_AppApp.swift in Sources */,
			);
			runOnlyForDeploymentPostprocessing = 0;
		};
		B081F2FE2AAC898D0023F550 /* Sources */ = {
			isa = PBXSourcesBuildPhase;
			buildActionMask = 2147483647;
			files = (
				B081F3072AAC898D0023F550 /* Meditation_AppTests.swift in Sources */,
			);
			runOnlyForDeploymentPostprocessing = 0;
		};
		B081F3082AAC898D0023F550 /* Sources */ = {
			isa = PBXSourcesBuildPhase;
			buildActionMask = 2147483647;
			files = (
				B081F3132AAC898D0023F550 /* Meditation_AppUITestsLaunchTests.swift in Sources */,
				B081F3112AAC898D0023F550 /* Meditation_AppUITests.swift in Sources */,
			);
			runOnlyForDeploymentPostprocessing = 0;
		};
/* End PBXSourcesBuildPhase section */

/* Begin PBXTargetDependency section */
		B081F3042AAC898D0023F550 /* PBXTargetDependency */ = {
			isa = PBXTargetDependency;
			target = B081F2F12AAC89890023F550 /* Meditation App */;
			targetProxy = B081F3032AAC898D0023F550 /* PBXContainerItemProxy */;
		};
		B081F30E2AAC898D0023F550 /* PBXTargetDependency */ = {
			isa = PBXTargetDependency;
			target = B081F2F12AAC89890023F550 /* Meditation App */;
			targetProxy = B081F30D2AAC898D0023F550 /* PBXContainerItemProxy */;
		};
/* End PBXTargetDependency section */

/* Begin XCBuildConfiguration section */
		B081F3142AAC898D0023F550 /* Debug */ = {
			isa = XCBuildConfiguration;
			buildSettings = {
				ALWAYS_SEARCH_USER_PATHS = NO;
				CLANG_ANALYZER_NONNULL = YES;
				CLANG_ANALYZER_NUMBER_OBJECT_CONVERSION = YES_AGGRESSIVE;
				CLANG_CXX_LANGUAGE_STANDARD = "gnu++20";
				CLANG_ENABLE_MODULES = YES;
				CLANG_ENABLE_OBJC_ARC = YES;
				CLANG_ENABLE_OBJC_WEAK = YES;
				CLANG_WARN_BLOCK_CAPTURE_AUTORELEASING = YES;
				CLANG_WARN_BOOL_CONVERSION = YES;
				CLANG_WARN_COMMA = YES;
				CLANG_WARN_CONSTANT_CONVERSION = YES;
				CLANG_WARN_DEPRECATED_OBJC_IMPLEMENTATIONS = YES;
				CLANG_WARN_DIRECT_OBJC_ISA_USAGE = YES_ERROR;
				CLANG_WARN_DOCUMENTATION_COMMENTS = YES;
				CLANG_WARN_EMPTY_BODY = YES;
				CLANG_WARN_ENUM_CONVERSION = YES;
				CLANG_WARN_INFINITE_RECURSION = YES;
				CLANG_WARN_INT_CONVERSION = YES;
				CLANG_WARN_NON_LITERAL_NULL_CONVERSION = YES;
				CLANG_WARN_OBJC_IMPLICIT_RETAIN_SELF = YES;
				CLANG_WARN_OBJC_LITERAL_CONVERSION = YES;
				CLANG_WARN_OBJC_ROOT_CLASS = YES_ERROR;
				CLANG_WARN_QUOTED_INCLUDE_IN_FRAMEWORK_HEADER = YES;
				CLANG_WARN_RANGE_LOOP_ANALYSIS = YES;
				CLANG_WARN_STRICT_PROTOTYPES = YES;
				CLANG_WARN_SUSPICIOUS_MOVE = YES;
				CLANG_WARN_UNGUARDED_AVAILABILITY = YES_AGGRESSIVE;
				CLANG_WARN_UNREACHABLE_CODE = YES;
				CLANG_WARN__DUPLICATE_METHOD_MATCH = YES;
				COPY_PHASE_STRIP = NO;
				DEBUG_INFORMATION_FORMAT = dwarf;
				ENABLE_STRICT_OBJC_MSGSEND = YES;
				ENABLE_TESTABILITY = YES;
				GCC_C_LANGUAGE_STANDARD = gnu11;
				GCC_DYNAMIC_NO_PIC = NO;
				GCC_NO_COMMON_BLOCKS = YES;
				GCC_OPTIMIZATION_LEVEL = 0;
				GCC_PREPROCESSOR_DEFINITIONS = (
					"DEBUG=1",
					"$(inherited)",
				);
				GCC_WARN_64_TO_32_BIT_CONVERSION = YES;
				GCC_WARN_ABOUT_RETURN_TYPE = YES_ERROR;
				GCC_WARN_UNDECLARED_SELECTOR = YES;
				GCC_WARN_UNINITIALIZED_AUTOS = YES_AGGRESSIVE;
				GCC_WARN_UNUSED_FUNCTION = YES;
				GCC_WARN_UNUSED_VARIABLE = YES;
				IPHONEOS_DEPLOYMENT_TARGET = 16.4;
				MTL_ENABLE_DEBUG_INFO = INCLUDE_SOURCE;
				MTL_FAST_MATH = YES;
				ONLY_ACTIVE_ARCH = YES;
				SDKROOT = iphoneos;
				SWIFT_ACTIVE_COMPILATION_CONDITIONS = DEBUG;
				SWIFT_OPTIMIZATION_LEVEL = "-Onone";
			};
			name = Debug;
		};
		B081F3152AAC898D0023F550 /* Release */ = {
			isa = XCBuildConfiguration;
			buildSettings = {
				ALWAYS_SEARCH_USER_PATHS = NO;
				CLANG_ANALYZER_NONNULL = YES;
				CLANG_ANALYZER_NUMBER_OBJECT_CONVERSION = YES_AGGRESSIVE;
				CLANG_CXX_LANGUAGE_STANDARD = "gnu++20";
				CLANG_ENABLE_MODULES = YES;
				CLANG_ENABLE_OBJC_ARC = YES;
				CLANG_ENABLE_OBJC_WEAK = YES;
				CLANG_WARN_BLOCK_CAPTURE_AUTORELEASING = YES;
				CLANG_WARN_BOOL_CONVERSION = YES;
				CLANG_WARN_COMMA = YES;
				CLANG_WARN_CONSTANT_CONVERSION = YES;
				CLANG_WARN_DEPRECATED_OBJC_IMPLEMENTATIONS = YES;
				CLANG_WARN_DIRECT_OBJC_ISA_USAGE = YES_ERROR;
				CLANG_WARN_DOCUMENTATION_COMMENTS = YES;
				CLANG_WARN_EMPTY_BODY = YES;
				CLANG_WARN_ENUM_CONVERSION = YES;
				CLANG_WARN_INFINITE_RECURSION = YES;
				CLANG_WARN_INT_CONVERSION = YES;
				CLANG_WARN_NON_LITERAL_NULL_CONVERSION = YES;
				CLANG_WARN_OBJC_IMPLICIT_RETAIN_SELF = YES;
				CLANG_WARN_OBJC_LITERAL_CONVERSION = YES;
				CLANG_WARN_OBJC_ROOT_CLASS = YES_ERROR;
				CLANG_WARN_QUOTED_INCLUDE_IN_FRAMEWORK_HEADER = YES;
				CLANG_WARN_RANGE_LOOP_ANALYSIS = YES;
				CLANG_WARN_STRICT_PROTOTYPES = YES;
				CLANG_WARN_SUSPICIOUS_MOVE = YES;
				CLANG_WARN_UNGUARDED_AVAILABILITY = YES_AGGRESSIVE;
				CLANG_WARN_UNREACHABLE_CODE = YES;
				CLANG_WARN__DUPLICATE_METHOD_MATCH = YES;
				COPY_PHASE_STRIP = NO;
				DEBUG_INFORMATION_FORMAT = "dwarf-with-dsym";
				ENABLE_NS_ASSERTIONS = NO;
				ENABLE_STRICT_OBJC_MSGSEND = YES;
				GCC_C_LANGUAGE_STANDARD = gnu11;
				GCC_NO_COMMON_BLOCKS = YES;
				GCC_WARN_64_TO_32_BIT_CONVERSION = YES;
				GCC_WARN_ABOUT_RETURN_TYPE = YES_ERROR;
				GCC_WARN_UNDECLARED_SELECTOR = YES;
				GCC_WARN_UNINITIALIZED_AUTOS = YES_AGGRESSIVE;
				GCC_WARN_UNUSED_FUNCTION = YES;
				GCC_WARN_UNUSED_VARIABLE = YES;
				IPHONEOS_DEPLOYMENT_TARGET = 16.4;
				MTL_ENABLE_DEBUG_INFO = NO;
				MTL_FAST_MATH = YES;
				SDKROOT = iphoneos;
				SWIFT_COMPILATION_MODE = wholemodule;
				SWIFT_OPTIMIZATION_LEVEL = "-O";
				VALIDATE_PRODUCT = YES;
			};
			name = Release;
		};
		B081F3172AAC898D0023F550 /* Debug */ = {
			isa = XCBuildConfiguration;
			buildSettings = {
				ASSETCATALOG_COMPILER_APPICON_NAME = AppIcon;
				ASSETCATALOG_COMPILER_GLOBAL_ACCENT_COLOR_NAME = AccentColor;
				CODE_SIGN_STYLE = Automatic;
				CURRENT_PROJECT_VERSION = 1;
				DEVELOPMENT_ASSET_PATHS = "\"Meditation App/Preview Content\"";
				DEVELOPMENT_TEAM = LF49R4B4F3;
				ENABLE_PREVIEWS = YES;
				GENERATE_INFOPLIST_FILE = YES;
				INFOPLIST_KEY_UIApplicationSceneManifest_Generation = YES;
				INFOPLIST_KEY_UIApplicationSupportsIndirectInputEvents = YES;
				INFOPLIST_KEY_UILaunchScreen_Generation = YES;
				INFOPLIST_KEY_UISupportedInterfaceOrientations_iPad = "UIInterfaceOrientationPortrait UIInterfaceOrientationPortraitUpsideDown UIInterfaceOrientationLandscapeLeft UIInterfaceOrientationLandscapeRight";
				INFOPLIST_KEY_UISupportedInterfaceOrientations_iPhone = "UIInterfaceOrientationPortrait UIInterfaceOrientationLandscapeLeft UIInterfaceOrientationLandscapeRight";
				LD_RUNPATH_SEARCH_PATHS = (
					"$(inherited)",
					"@executable_path/Frameworks",
				);
				MARKETING_VERSION = 1.0;
				PRODUCT_BUNDLE_IDENTIFIER = "kingOJ.Meditation-App";
				PRODUCT_NAME = "$(TARGET_NAME)";
				SWIFT_EMIT_LOC_STRINGS = YES;
				SWIFT_VERSION = 5.0;
				TARGETED_DEVICE_FAMILY = "1,2";
			};
			name = Debug;
		};
		B081F3182AAC898D0023F550 /* Release */ = {
			isa = XCBuildConfiguration;
			buildSettings = {
				ASSETCATALOG_COMPILER_APPICON_NAME = AppIcon;
				ASSETCATALOG_COMPILER_GLOBAL_ACCENT_COLOR_NAME = AccentColor;
				CODE_SIGN_STYLE = Automatic;
				CURRENT_PROJECT_VERSION = 1;
				DEVELOPMENT_ASSET_PATHS = "\"Meditation App/Preview Content\"";
				DEVELOPMENT_TEAM = LF49R4B4F3;
				ENABLE_PREVIEWS = YES;
				GENERATE_INFOPLIST_FILE = YES;
				INFOPLIST_KEY_UIApplicationSceneManifest_Generation = YES;
				INFOPLIST_KEY_UIApplicationSupportsIndirectInputEvents = YES;
				INFOPLIST_KEY_UILaunchScreen_Generation = YES;
				INFOPLIST_KEY_UISupportedInterfaceOrientations_iPad = "UIInterfaceOrientationPortrait UIInterfaceOrientationPortraitUpsideDown UIInterfaceOrientationLandscapeLeft UIInterfaceOrientationLandscapeRight";
				INFOPLIST_KEY_UISupportedInterfaceOrientations_iPhone = "UIInterfaceOrientationPortrait UIInterfaceOrientationLandscapeLeft UIInterfaceOrientationLandscapeRight";
				LD_RUNPATH_SEARCH_PATHS = (
					"$(inherited)",
					"@executable_path/Frameworks",
				);
				MARKETING_VERSION = 1.0;
				PRODUCT_BUNDLE_IDENTIFIER = "kingOJ.Meditation-App";
				PRODUCT_NAME = "$(TARGET_NAME)";
				SWIFT_EMIT_LOC_STRINGS = YES;
				SWIFT_VERSION = 5.0;
				TARGETED_DEVICE_FAMILY = "1,2";
			};
			name = Release;
		};
		B081F31A2AAC898D0023F550 /* Debug */ = {
			isa = XCBuildConfiguration;
			buildSettings = {
				ALWAYS_EMBED_SWIFT_STANDARD_LIBRARIES = YES;
				BUNDLE_LOADER = "$(TEST_HOST)";
				CODE_SIGN_STYLE = Automatic;
				CURRENT_PROJECT_VERSION = 1;
				DEVELOPMENT_TEAM = LF49R4B4F3;
				GENERATE_INFOPLIST_FILE = YES;
				IPHONEOS_DEPLOYMENT_TARGET = 16.4;
				MARKETING_VERSION = 1.0;
				PRODUCT_BUNDLE_IDENTIFIER = "kingOJ.Meditation-AppTests";
				PRODUCT_NAME = "$(TARGET_NAME)";
				SWIFT_EMIT_LOC_STRINGS = NO;
				SWIFT_VERSION = 5.0;
				TARGETED_DEVICE_FAMILY = "1,2";
				TEST_HOST = "$(BUILT_PRODUCTS_DIR)/Meditation App.app/$(BUNDLE_EXECUTABLE_FOLDER_PATH)/Meditation App";
			};
			name = Debug;
		};
		B081F31B2AAC898D0023F550 /* Release */ = {
			isa = XCBuildConfiguration;
			buildSettings = {
				ALWAYS_EMBED_SWIFT_STANDARD_LIBRARIES = YES;
				BUNDLE_LOADER = "$(TEST_HOST)";
				CODE_SIGN_STYLE = Automatic;
				CURRENT_PROJECT_VERSION = 1;
				DEVELOPMENT_TEAM = LF49R4B4F3;
				GENERATE_INFOPLIST_FILE = YES;
				IPHONEOS_DEPLOYMENT_TARGET = 16.4;
				MARKETING_VERSION = 1.0;
				PRODUCT_BUNDLE_IDENTIFIER = "kingOJ.Meditation-AppTests";
				PRODUCT_NAME = "$(TARGET_NAME)";
				SWIFT_EMIT_LOC_STRINGS = NO;
				SWIFT_VERSION = 5.0;
				TARGETED_DEVICE_FAMILY = "1,2";
				TEST_HOST = "$(BUILT_PRODUCTS_DIR)/Meditation App.app/$(BUNDLE_EXECUTABLE_FOLDER_PATH)/Meditation App";
			};
			name = Release;
		};
		B081F31D2AAC898D0023F550 /* Debug */ = {
			isa = XCBuildConfiguration;
			buildSettings = {
				ALWAYS_EMBED_SWIFT_STANDARD_LIBRARIES = YES;
				CODE_SIGN_STYLE = Automatic;
				CURRENT_PROJECT_VERSION = 1;
				DEVELOPMENT_TEAM = LF49R4B4F3;
				GENERATE_INFOPLIST_FILE = YES;
				MARKETING_VERSION = 1.0;
				PRODUCT_BUNDLE_IDENTIFIER = "kingOJ.Meditation-AppUITests";
				PRODUCT_NAME = "$(TARGET_NAME)";
				SWIFT_EMIT_LOC_STRINGS = NO;
				SWIFT_VERSION = 5.0;
				TARGETED_DEVICE_FAMILY = "1,2";
				TEST_TARGET_NAME = "Meditation App";
			};
			name = Debug;
		};
		B081F31E2AAC898D0023F550 /* Release */ = {
			isa = XCBuildConfiguration;
			buildSettings = {
				ALWAYS_EMBED_SWIFT_STANDARD_LIBRARIES = YES;
				CODE_SIGN_STYLE = Automatic;
				CURRENT_PROJECT_VERSION = 1;
				DEVELOPMENT_TEAM = LF49R4B4F3;
				GENERATE_INFOPLIST_FILE = YES;
				MARKETING_VERSION = 1.0;
				PRODUCT_BUNDLE_IDENTIFIER = "kingOJ.Meditation-AppUITests";
				PRODUCT_NAME = "$(TARGET_NAME)";
				SWIFT_EMIT_LOC_STRINGS = NO;
				SWIFT_VERSION = 5.0;
				TARGETED_DEVICE_FAMILY = "1,2";
				TEST_TARGET_NAME = "Meditation App";
			};
			name = Release;
		};
/* End XCBuildConfiguration section */

/* Begin XCConfigurationList section */
		B081F2ED2AAC89890023F550 /* Build configuration list for PBXProject "Meditation App" */ = {
			isa = XCConfigurationList;
			buildConfigurations = (
				B081F3142AAC898D0023F550 /* Debug */,
				B081F3152AAC898D0023F550 /* Release */,
			);
			defaultConfigurationIsVisible = 0;
			defaultConfigurationName = Release;
		};
		B081F3162AAC898D0023F550 /* Build configuration list for PBXNativeTarget "Meditation App" */ = {
			isa = XCConfigurationList;
			buildConfigurations = (
				B081F3172AAC898D0023F550 /* Debug */,
				B081F3182AAC898D0023F550 /* Release */,
			);
			defaultConfigurationIsVisible = 0;
			defaultConfigurationName = Release;
		};
		B081F3192AAC898D0023F550 /* Build configuration list for PBXNativeTarget "Meditation AppTests" */ = {
			isa = XCConfigurationList;
			buildConfigurations = (
				B081F31A2AAC898D0023F550 /* Debug */,
				B081F31B2AAC898D0023F550 /* Release */,
			);
			defaultConfigurationIsVisible = 0;
			defaultConfigurationName = Release;
		};
		B081F31C2AAC898D0023F550 /* Build configuration list for PBXNativeTarget "Meditation AppUITests" */ = {
			isa = XCConfigurationList;
			buildConfigurations = (
				B081F31D2AAC898D0023F550 /* Debug */,
				B081F31E2AAC898D0023F550 /* Release */,
			);
			defaultConfigurationIsVisible = 0;
			defaultConfigurationName = Release;
		};
/* End XCConfigurationList section */
	};
	rootObject = B081F2EA2AAC89890023F550 /* Project object */;
}
